// !$*UTF8*$!
{
	archiveVersion = 1;
	classes = {
	};
	objectVersion = 46;
	objects = {

/* Begin PBXBuildFile section */
		A52938F41CF4D8BB00EF5D51 /* AppDelegate.swift in Sources */ = {isa = PBXBuildFile; fileRef = A52938F31CF4D8BB00EF5D51 /* AppDelegate.swift */; };
		A52938F61CF4D8BB00EF5D51 /* MapViewController.swift in Sources */ = {isa = PBXBuildFile; fileRef = A52938F51CF4D8BB00EF5D51 /* MapViewController.swift */; };
		A52938FB1CF4D8BB00EF5D51 /* Assets.xcassets in Resources */ = {isa = PBXBuildFile; fileRef = A52938FA1CF4D8BB00EF5D51 /* Assets.xcassets */; };
		A52938FE1CF4D8BB00EF5D51 /* LaunchScreen.storyboard in Resources */ = {isa = PBXBuildFile; fileRef = A52938FC1CF4D8BB00EF5D51 /* LaunchScreen.storyboard */; };
		A52939141CF4D94B00EF5D51 /* APIManager.swift in Sources */ = {isa = PBXBuildFile; fileRef = A52939131CF4D94B00EF5D51 /* APIManager.swift */; };
		A52939181CF4DA9D00EF5D51 /* SearchService.swift in Sources */ = {isa = PBXBuildFile; fileRef = A52939171CF4DA9D00EF5D51 /* SearchService.swift */; };
		A529391A1CF4DB3C00EF5D51 /* Photo.swift in Sources */ = {isa = PBXBuildFile; fileRef = A52939191CF4DB3C00EF5D51 /* Photo.swift */; };
		A541BDE21CF525160045FB6F /* PhotoDetail.xib in Resources */ = {isa = PBXBuildFile; fileRef = A541BDE11CF525160045FB6F /* PhotoDetail.xib */; };
		A541BDE41CF5258A0045FB6F /* PhotoDetailViewController.swift in Sources */ = {isa = PBXBuildFile; fileRef = A541BDE31CF5258A0045FB6F /* PhotoDetailViewController.swift */; };
		A541BDF41CF5321B0045FB6F /* MapViewControllerTests.swift in Sources */ = {isa = PBXBuildFile; fileRef = A541BDF31CF5321B0045FB6F /* MapViewControllerTests.swift */; };
		A541BDF61CF532E40045FB6F /* PhotoDetailViewControllerTests.swift in Sources */ = {isa = PBXBuildFile; fileRef = A541BDF51CF532E40045FB6F /* PhotoDetailViewControllerTests.swift */; };
		A541BDF81CF5365C0045FB6F /* PhotoTests.swift in Sources */ = {isa = PBXBuildFile; fileRef = A541BDF71CF5365C0045FB6F /* PhotoTests.swift */; };
		A541BDFB1CF536E00045FB6F /* Fixture.swift in Sources */ = {isa = PBXBuildFile; fileRef = A541BDF91CF536E00045FB6F /* Fixture.swift */; };
		A541BDFC1CF536E00045FB6F /* FixtureLoader.swift in Sources */ = {isa = PBXBuildFile; fileRef = A541BDFA1CF536E00045FB6F /* FixtureLoader.swift */; };
		A541BE001CF538010045FB6F /* SearchPhotosResponse.json in Resources */ = {isa = PBXBuildFile; fileRef = A541BDFF1CF538010045FB6F /* SearchPhotosResponse.json */; };
		A541BE021CF5389B0045FB6F /* PhotoResponse.json in Resources */ = {isa = PBXBuildFile; fileRef = A541BE011CF5389B0045FB6F /* PhotoResponse.json */; };
		A541BE041CF539300045FB6F /* AppDelegateTests.swift in Sources */ = {isa = PBXBuildFile; fileRef = A541BE031CF539300045FB6F /* AppDelegateTests.swift */; };
		A541BE061CF53A060045FB6F /* PhotoAnnotationTests.swift in Sources */ = {isa = PBXBuildFile; fileRef = A541BE051CF53A060045FB6F /* PhotoAnnotationTests.swift */; };
		A541BE081CF53BD60045FB6F /* SearchServiceTests.swift in Sources */ = {isa = PBXBuildFile; fileRef = A541BE071CF53BD60045FB6F /* SearchServiceTests.swift */; };
		A541BE0D1CF540020045FB6F /* Constants.swift in Sources */ = {isa = PBXBuildFile; fileRef = A541BE0C1CF540020045FB6F /* Constants.swift */; };
		A569F25D1CF4DE7700E5E113 /* Request.swift in Sources */ = {isa = PBXBuildFile; fileRef = A569F25C1CF4DE7700E5E113 /* Request.swift */; };
		A569F25F1CF4E3D300E5E113 /* PhotoAnnotation.swift in Sources */ = {isa = PBXBuildFile; fileRef = A569F25E1CF4E3D300E5E113 /* PhotoAnnotation.swift */; };
		A569F2611CF4E75A00E5E113 /* MapKit.framework in Frameworks */ = {isa = PBXBuildFile; fileRef = A569F2601CF4E75A00E5E113 /* MapKit.framework */; };
		EE8ACEEC6B41A959DF1C1460 /* Pods.framework in Frameworks */ = {isa = PBXBuildFile; fileRef = 7617008B14B74AC35041F7F5 /* Pods.framework */; };
/* End PBXBuildFile section */

/* Begin PBXContainerItemProxy section */
		A52939051CF4D8BC00EF5D51 /* PBXContainerItemProxy */ = {
			isa = PBXContainerItemProxy;
			containerPortal = A52938E81CF4D8BB00EF5D51 /* Project object */;
			proxyType = 1;
			remoteGlobalIDString = A52938EF1CF4D8BB00EF5D51;
			remoteInfo = MapsFlickr;
		};
/* End PBXContainerItemProxy section */

/* Begin PBXFileReference section */
		7617008B14B74AC35041F7F5 /* Pods.framework */ = {isa = PBXFileReference; explicitFileType = wrapper.framework; includeInIndex = 0; path = Pods.framework; sourceTree = BUILT_PRODUCTS_DIR; };
		A52938F01CF4D8BB00EF5D51 /* MapsFlickr.app */ = {isa = PBXFileReference; explicitFileType = wrapper.application; includeInIndex = 0; path = MapsFlickr.app; sourceTree = BUILT_PRODUCTS_DIR; };
		A52938F31CF4D8BB00EF5D51 /* AppDelegate.swift */ = {isa = PBXFileReference; lastKnownFileType = sourcecode.swift; path = AppDelegate.swift; sourceTree = "<group>"; };
		A52938F51CF4D8BB00EF5D51 /* MapViewController.swift */ = {isa = PBXFileReference; lastKnownFileType = sourcecode.swift; path = MapViewController.swift; sourceTree = "<group>"; };
		A52938FA1CF4D8BB00EF5D51 /* Assets.xcassets */ = {isa = PBXFileReference; lastKnownFileType = folder.assetcatalog; path = Assets.xcassets; sourceTree = "<group>"; };
		A52938FD1CF4D8BB00EF5D51 /* Base */ = {isa = PBXFileReference; lastKnownFileType = file.storyboard; name = Base; path = Base.lproj/LaunchScreen.storyboard; sourceTree = "<group>"; };
		A52938FF1CF4D8BB00EF5D51 /* Info.plist */ = {isa = PBXFileReference; lastKnownFileType = text.plist.xml; path = Info.plist; sourceTree = "<group>"; };
		A52939041CF4D8BC00EF5D51 /* MapsFlickrTests.xctest */ = {isa = PBXFileReference; explicitFileType = wrapper.cfbundle; includeInIndex = 0; path = MapsFlickrTests.xctest; sourceTree = BUILT_PRODUCTS_DIR; };
		A529390A1CF4D8BC00EF5D51 /* Info.plist */ = {isa = PBXFileReference; lastKnownFileType = text.plist.xml; path = Info.plist; sourceTree = "<group>"; };
		A52939131CF4D94B00EF5D51 /* APIManager.swift */ = {isa = PBXFileReference; fileEncoding = 4; lastKnownFileType = sourcecode.swift; path = APIManager.swift; sourceTree = "<group>"; };
		A52939171CF4DA9D00EF5D51 /* SearchService.swift */ = {isa = PBXFileReference; fileEncoding = 4; lastKnownFileType = sourcecode.swift; path = SearchService.swift; sourceTree = "<group>"; };
		A52939191CF4DB3C00EF5D51 /* Photo.swift */ = {isa = PBXFileReference; fileEncoding = 4; lastKnownFileType = sourcecode.swift; path = Photo.swift; sourceTree = "<group>"; };
		A541BDE11CF525160045FB6F /* PhotoDetail.xib */ = {isa = PBXFileReference; fileEncoding = 4; lastKnownFileType = file.xib; path = PhotoDetail.xib; sourceTree = "<group>"; };
		A541BDE31CF5258A0045FB6F /* PhotoDetailViewController.swift */ = {isa = PBXFileReference; fileEncoding = 4; lastKnownFileType = sourcecode.swift; path = PhotoDetailViewController.swift; sourceTree = "<group>"; };
		A541BDF31CF5321B0045FB6F /* MapViewControllerTests.swift */ = {isa = PBXFileReference; fileEncoding = 4; lastKnownFileType = sourcecode.swift; path = MapViewControllerTests.swift; sourceTree = "<group>"; };
		A541BDF51CF532E40045FB6F /* PhotoDetailViewControllerTests.swift */ = {isa = PBXFileReference; fileEncoding = 4; lastKnownFileType = sourcecode.swift; path = PhotoDetailViewControllerTests.swift; sourceTree = "<group>"; };
		A541BDF71CF5365C0045FB6F /* PhotoTests.swift */ = {isa = PBXFileReference; fileEncoding = 4; lastKnownFileType = sourcecode.swift; path = PhotoTests.swift; sourceTree = "<group>"; };
		A541BDF91CF536E00045FB6F /* Fixture.swift */ = {isa = PBXFileReference; fileEncoding = 4; lastKnownFileType = sourcecode.swift; path = Fixture.swift; sourceTree = "<group>"; };
		A541BDFA1CF536E00045FB6F /* FixtureLoader.swift */ = {isa = PBXFileReference; fileEncoding = 4; lastKnownFileType = sourcecode.swift; path = FixtureLoader.swift; sourceTree = "<group>"; };
		A541BDFF1CF538010045FB6F /* SearchPhotosResponse.json */ = {isa = PBXFileReference; fileEncoding = 4; lastKnownFileType = text.json; path = SearchPhotosResponse.json; sourceTree = "<group>"; };
		A541BE011CF5389B0045FB6F /* PhotoResponse.json */ = {isa = PBXFileReference; fileEncoding = 4; lastKnownFileType = text.json; path = PhotoResponse.json; sourceTree = "<group>"; };
		A541BE031CF539300045FB6F /* AppDelegateTests.swift */ = {isa = PBXFileReference; fileEncoding = 4; lastKnownFileType = sourcecode.swift; path = AppDelegateTests.swift; sourceTree = "<group>"; };
		A541BE051CF53A060045FB6F /* PhotoAnnotationTests.swift */ = {isa = PBXFileReference; fileEncoding = 4; lastKnownFileType = sourcecode.swift; path = PhotoAnnotationTests.swift; sourceTree = "<group>"; };
		A541BE071CF53BD60045FB6F /* SearchServiceTests.swift */ = {isa = PBXFileReference; fileEncoding = 4; lastKnownFileType = sourcecode.swift; path = SearchServiceTests.swift; sourceTree = "<group>"; };
		A541BE0C1CF540020045FB6F /* Constants.swift */ = {isa = PBXFileReference; fileEncoding = 4; lastKnownFileType = sourcecode.swift; path = Constants.swift; sourceTree = "<group>"; };
		A569F25C1CF4DE7700E5E113 /* Request.swift */ = {isa = PBXFileReference; fileEncoding = 4; lastKnownFileType = sourcecode.swift; path = Request.swift; sourceTree = "<group>"; };
		A569F25E1CF4E3D300E5E113 /* PhotoAnnotation.swift */ = {isa = PBXFileReference; fileEncoding = 4; lastKnownFileType = sourcecode.swift; path = PhotoAnnotation.swift; sourceTree = "<group>"; };
		A569F2601CF4E75A00E5E113 /* MapKit.framework */ = {isa = PBXFileReference; lastKnownFileType = wrapper.framework; name = MapKit.framework; path = System/Library/Frameworks/MapKit.framework; sourceTree = SDKROOT; };
		B43F20905B05FA1270C2F194 /* Pods.debug.xcconfig */ = {isa = PBXFileReference; includeInIndex = 1; lastKnownFileType = text.xcconfig; name = Pods.debug.xcconfig; path = "Pods/Target Support Files/Pods/Pods.debug.xcconfig"; sourceTree = "<group>"; };
		D9F8A16BCEF38D214EEE10BE /* Pods.release.xcconfig */ = {isa = PBXFileReference; includeInIndex = 1; lastKnownFileType = text.xcconfig; name = Pods.release.xcconfig; path = "Pods/Target Support Files/Pods/Pods.release.xcconfig"; sourceTree = "<group>"; };
/* End PBXFileReference section */

/* Begin PBXFrameworksBuildPhase section */
		A52938ED1CF4D8BB00EF5D51 /* Frameworks */ = {
			isa = PBXFrameworksBuildPhase;
			buildActionMask = 2147483647;
			files = (
				A569F2611CF4E75A00E5E113 /* MapKit.framework in Frameworks */,
				EE8ACEEC6B41A959DF1C1460 /* Pods.framework in Frameworks */,
			);
			runOnlyForDeploymentPostprocessing = 0;
		};
		A52939011CF4D8BC00EF5D51 /* Frameworks */ = {
			isa = PBXFrameworksBuildPhase;
			buildActionMask = 2147483647;
			files = (
			);
			runOnlyForDeploymentPostprocessing = 0;
		};
/* End PBXFrameworksBuildPhase section */

/* Begin PBXGroup section */
		83543C4A4D6DE8A3BBF8A373 /* Pods */ = {
			isa = PBXGroup;
			children = (
				B43F20905B05FA1270C2F194 /* Pods.debug.xcconfig */,
				D9F8A16BCEF38D214EEE10BE /* Pods.release.xcconfig */,
			);
			name = Pods;
			sourceTree = "<group>";
		};
		A52938E71CF4D8BB00EF5D51 = {
			isa = PBXGroup;
			children = (
				A52938F21CF4D8BB00EF5D51 /* MapsFlickr */,
				A52939071CF4D8BC00EF5D51 /* MapsFlickrTests */,
				A52938F11CF4D8BB00EF5D51 /* Products */,
				AA6168A84C3E9AB500A3946A /* Frameworks */,
				83543C4A4D6DE8A3BBF8A373 /* Pods */,
			);
			sourceTree = "<group>";
		};
		A52938F11CF4D8BB00EF5D51 /* Products */ = {
			isa = PBXGroup;
			children = (
				A52938F01CF4D8BB00EF5D51 /* MapsFlickr.app */,
				A52939041CF4D8BC00EF5D51 /* MapsFlickrTests.xctest */,
			);
			name = Products;
			sourceTree = "<group>";
		};
		A52938F21CF4D8BB00EF5D51 /* MapsFlickr */ = {
			isa = PBXGroup;
			children = (
				A541BDEE1CF52D610045FB6F /* UI */,
				A541BDED1CF52D560045FB6F /* API */,
				A541BDEF1CF52D6C0045FB6F /* Photo */,
				A541BDEC1CF52D510045FB6F /* Extensions */,
				A541BDF01CF52D780045FB6F /* ViewControllers */,
				A52938F31CF4D8BB00EF5D51 /* AppDelegate.swift */,
				A52938FF1CF4D8BB00EF5D51 /* Info.plist */,
				A52938FA1CF4D8BB00EF5D51 /* Assets.xcassets */,
				A541BE0C1CF540020045FB6F /* Constants.swift */,
			);
			path = MapsFlickr;
			sourceTree = "<group>";
		};
		A52939071CF4D8BC00EF5D51 /* MapsFlickrTests */ = {
			isa = PBXGroup;
			children = (
				A541BE031CF539300045FB6F /* AppDelegateTests.swift */,
				A529390A1CF4D8BC00EF5D51 /* Info.plist */,
				A541BDFE1CF537EE0045FB6F /* JSON */,
				A541BDFD1CF536E40045FB6F /* Fixture */,
				A541BE091CF53F1F0045FB6F /* ViewControllers */,
				A541BE0A1CF53F260045FB6F /* Photo */,
				A541BE0B1CF53F2B0045FB6F /* Network */,
			);
			path = MapsFlickrTests;
			sourceTree = "<group>";
		};
		A541BDEC1CF52D510045FB6F /* Extensions */ = {
			isa = PBXGroup;
			children = (
				A569F25C1CF4DE7700E5E113 /* Request.swift */,
			);
			name = Extensions;
			sourceTree = "<group>";
		};
		A541BDED1CF52D560045FB6F /* API */ = {
			isa = PBXGroup;
			children = (
				A52939131CF4D94B00EF5D51 /* APIManager.swift */,
				A52939171CF4DA9D00EF5D51 /* SearchService.swift */,
			);
			name = API;
			sourceTree = "<group>";
		};
		A541BDEE1CF52D610045FB6F /* UI */ = {
			isa = PBXGroup;
			children = (
				A52938FC1CF4D8BB00EF5D51 /* LaunchScreen.storyboard */,
				A541BDE11CF525160045FB6F /* PhotoDetail.xib */,
			);
			name = UI;
			sourceTree = "<group>";
		};
		A541BDEF1CF52D6C0045FB6F /* Photo */ = {
			isa = PBXGroup;
			children = (
				A52939191CF4DB3C00EF5D51 /* Photo.swift */,
				A569F25E1CF4E3D300E5E113 /* PhotoAnnotation.swift */,
			);
			name = Photo;
			sourceTree = "<group>";
		};
		A541BDF01CF52D780045FB6F /* ViewControllers */ = {
			isa = PBXGroup;
			children = (
				A52938F51CF4D8BB00EF5D51 /* MapViewController.swift */,
				A541BDE31CF5258A0045FB6F /* PhotoDetailViewController.swift */,
			);
			name = ViewControllers;
			sourceTree = "<group>";
		};
		A541BDFD1CF536E40045FB6F /* Fixture */ = {
			isa = PBXGroup;
			children = (
				A541BDF91CF536E00045FB6F /* Fixture.swift */,
				A541BDFA1CF536E00045FB6F /* FixtureLoader.swift */,
			);
			name = Fixture;
			sourceTree = "<group>";
		};
		A541BDFE1CF537EE0045FB6F /* JSON */ = {
			isa = PBXGroup;
			children = (
				A541BDFF1CF538010045FB6F /* SearchPhotosResponse.json */,
				A541BE011CF5389B0045FB6F /* PhotoResponse.json */,
			);
			name = JSON;
			sourceTree = "<group>";
		};
		A541BE091CF53F1F0045FB6F /* ViewControllers */ = {
			isa = PBXGroup;
			children = (
				A541BDF31CF5321B0045FB6F /* MapViewControllerTests.swift */,
				A541BDF51CF532E40045FB6F /* PhotoDetailViewControllerTests.swift */,
			);
			name = ViewControllers;
			sourceTree = "<group>";
		};
		A541BE0A1CF53F260045FB6F /* Photo */ = {
			isa = PBXGroup;
			children = (
				A541BDF71CF5365C0045FB6F /* PhotoTests.swift */,
				A541BE051CF53A060045FB6F /* PhotoAnnotationTests.swift */,
			);
			name = Photo;
			sourceTree = "<group>";
		};
		A541BE0B1CF53F2B0045FB6F /* Network */ = {
			isa = PBXGroup;
			children = (
				A541BE071CF53BD60045FB6F /* SearchServiceTests.swift */,
			);
			name = Network;
			sourceTree = "<group>";
		};
		AA6168A84C3E9AB500A3946A /* Frameworks */ = {
			isa = PBXGroup;
			children = (
				A569F2601CF4E75A00E5E113 /* MapKit.framework */,
				7617008B14B74AC35041F7F5 /* Pods.framework */,
			);
			name = Frameworks;
			sourceTree = "<group>";
		};
/* End PBXGroup section */

/* Begin PBXNativeTarget section */
		A52938EF1CF4D8BB00EF5D51 /* MapsFlickr */ = {
			isa = PBXNativeTarget;
			buildConfigurationList = A529390D1CF4D8BC00EF5D51 /* Build configuration list for PBXNativeTarget "MapsFlickr" */;
			buildPhases = (
				A52938EC1CF4D8BB00EF5D51 /* Sources */,
				A52938ED1CF4D8BB00EF5D51 /* Frameworks */,
				A52938EE1CF4D8BB00EF5D51 /* Resources */,
				4033E297EA2B2E97C18DE2CA /* Embed Pods Frameworks */,
			);
			buildRules = (
			);
			dependencies = (
			);
			name = MapsFlickr;
			productName = MapsFlickr;
			productReference = A52938F01CF4D8BB00EF5D51 /* MapsFlickr.app */;
			productType = "com.apple.product-type.application";
		};
		A52939031CF4D8BC00EF5D51 /* MapsFlickrTests */ = {
			isa = PBXNativeTarget;
			buildConfigurationList = A52939101CF4D8BC00EF5D51 /* Build configuration list for PBXNativeTarget "MapsFlickrTests" */;
			buildPhases = (
				A52939001CF4D8BC00EF5D51 /* Sources */,
				A52939011CF4D8BC00EF5D51 /* Frameworks */,
				A52939021CF4D8BC00EF5D51 /* Resources */,
			);
			buildRules = (
			);
			dependencies = (
				A52939061CF4D8BC00EF5D51 /* PBXTargetDependency */,
			);
			name = MapsFlickrTests;
			productName = MapsFlickrTests;
			productReference = A52939041CF4D8BC00EF5D51 /* MapsFlickrTests.xctest */;
			productType = "com.apple.product-type.bundle.unit-test";
		};
/* End PBXNativeTarget section */

/* Begin PBXProject section */
		A52938E81CF4D8BB00EF5D51 /* Project object */ = {
			isa = PBXProject;
			attributes = {
				LastSwiftUpdateCheck = 0730;
				LastUpgradeCheck = 0730;
				ORGANIZATIONNAME = CodeNetworks;
				TargetAttributes = {
					A52938EF1CF4D8BB00EF5D51 = {
						CreatedOnToolsVersion = 7.3;
						DevelopmentTeam = 26G4KK5G79;
						SystemCapabilities = {
							com.apple.Maps.iOS = {
								enabled = 1;
							};
						};
					};
					A52939031CF4D8BC00EF5D51 = {
						CreatedOnToolsVersion = 7.3;
						TestTargetID = A52938EF1CF4D8BB00EF5D51;
					};
				};
			};
			buildConfigurationList = A52938EB1CF4D8BB00EF5D51 /* Build configuration list for PBXProject "MapsFlickr" */;
			compatibilityVersion = "Xcode 3.2";
			developmentRegion = English;
			hasScannedForEncodings = 0;
			knownRegions = (
				en,
				Base,
			);
			mainGroup = A52938E71CF4D8BB00EF5D51;
			productRefGroup = A52938F11CF4D8BB00EF5D51 /* Products */;
			projectDirPath = "";
			projectRoot = "";
			targets = (
				A52938EF1CF4D8BB00EF5D51 /* MapsFlickr */,
				A52939031CF4D8BC00EF5D51 /* MapsFlickrTests */,
			);
		};
/* End PBXProject section */

/* Begin PBXResourcesBuildPhase section */
		A52938EE1CF4D8BB00EF5D51 /* Resources */ = {
			isa = PBXResourcesBuildPhase;
			buildActionMask = 2147483647;
			files = (
				A541BDE21CF525160045FB6F /* PhotoDetail.xib in Resources */,
				A52938FE1CF4D8BB00EF5D51 /* LaunchScreen.storyboard in Resources */,
				A52938FB1CF4D8BB00EF5D51 /* Assets.xcassets in Resources */,
			);
			runOnlyForDeploymentPostprocessing = 0;
		};
		A52939021CF4D8BC00EF5D51 /* Resources */ = {
			isa = PBXResourcesBuildPhase;
			buildActionMask = 2147483647;
			files = (
				A541BE001CF538010045FB6F /* SearchPhotosResponse.json in Resources */,
				A541BE021CF5389B0045FB6F /* PhotoResponse.json in Resources */,
			);
			runOnlyForDeploymentPostprocessing = 0;
		};
/* End PBXResourcesBuildPhase section */

/* Begin PBXShellScriptBuildPhase section */
		4033E297EA2B2E97C18DE2CA /* Embed Pods Frameworks */ = {
			isa = PBXShellScriptBuildPhase;
			buildActionMask = 2147483647;
			files = (
			);
			inputPaths = (
			);
			name = "Embed Pods Frameworks";
			outputPaths = (
			);
			runOnlyForDeploymentPostprocessing = 0;
			shellPath = /bin/sh;
			shellScript = "\"${SRCROOT}/Pods/Target Support Files/Pods/Pods-frameworks.sh\"\n";
			showEnvVarsInLog = 0;
		};
/* End PBXShellScriptBuildPhase section */

/* Begin PBXSourcesBuildPhase section */
		A52938EC1CF4D8BB00EF5D51 /* Sources */ = {
			isa = PBXSourcesBuildPhase;
			buildActionMask = 2147483647;
			files = (
				A52939141CF4D94B00EF5D51 /* APIManager.swift in Sources */,
				A569F25D1CF4DE7700E5E113 /* Request.swift in Sources */,
				A52939181CF4DA9D00EF5D51 /* SearchService.swift in Sources */,
				A52938F61CF4D8BB00EF5D51 /* MapViewController.swift in Sources */,
				A569F25F1CF4E3D300E5E113 /* PhotoAnnotation.swift in Sources */,
				A52938F41CF4D8BB00EF5D51 /* AppDelegate.swift in Sources */,
				A541BDE41CF5258A0045FB6F /* PhotoDetailViewController.swift in Sources */,
				A529391A1CF4DB3C00EF5D51 /* Photo.swift in Sources */,
				A541BE0D1CF540020045FB6F /* Constants.swift in Sources */,
			);
			runOnlyForDeploymentPostprocessing = 0;
		};
		A52939001CF4D8BC00EF5D51 /* Sources */ = {
			isa = PBXSourcesBuildPhase;
			buildActionMask = 2147483647;
			files = (
				A541BDF81CF5365C0045FB6F /* PhotoTests.swift in Sources */,
				A541BDFC1CF536E00045FB6F /* FixtureLoader.swift in Sources */,
				A541BDFB1CF536E00045FB6F /* Fixture.swift in Sources */,
				A541BDF61CF532E40045FB6F /* PhotoDetailViewControllerTests.swift in Sources */,
				A541BE061CF53A060045FB6F /* PhotoAnnotationTests.swift in Sources */,
				A541BE081CF53BD60045FB6F /* SearchServiceTests.swift in Sources */,
				A541BE041CF539300045FB6F /* AppDelegateTests.swift in Sources */,
				A541BDF41CF5321B0045FB6F /* MapViewControllerTests.swift in Sources */,
			);
			runOnlyForDeploymentPostprocessing = 0;
		};
/* End PBXSourcesBuildPhase section */

/* Begin PBXTargetDependency section */
		A52939061CF4D8BC00EF5D51 /* PBXTargetDependency */ = {
			isa = PBXTargetDependency;
			target = A52938EF1CF4D8BB00EF5D51 /* MapsFlickr */;
			targetProxy = A52939051CF4D8BC00EF5D51 /* PBXContainerItemProxy */;
		};
/* End PBXTargetDependency section */

/* Begin PBXVariantGroup section */
		A52938FC1CF4D8BB00EF5D51 /* LaunchScreen.storyboard */ = {
			isa = PBXVariantGroup;
			children = (
				A52938FD1CF4D8BB00EF5D51 /* Base */,
			);
			name = LaunchScreen.storyboard;
			sourceTree = "<group>";
		};
/* End PBXVariantGroup section */

/* Begin XCBuildConfiguration section */
		A529390B1CF4D8BC00EF5D51 /* Debug */ = {
			isa = XCBuildConfiguration;
			buildSettings = {
				ALWAYS_SEARCH_USER_PATHS = NO;
				CLANG_ANALYZER_NONNULL = YES;
				CLANG_CXX_LANGUAGE_STANDARD = "gnu++0x";
				CLANG_CXX_LIBRARY = "libc++";
				CLANG_ENABLE_MODULES = YES;
				CLANG_ENABLE_OBJC_ARC = YES;
				CLANG_WARN_BOOL_CONVERSION = YES;
				CLANG_WARN_CONSTANT_CONVERSION = YES;
				CLANG_WARN_DIRECT_OBJC_ISA_USAGE = YES_ERROR;
				CLANG_WARN_EMPTY_BODY = YES;
				CLANG_WARN_ENUM_CONVERSION = YES;
				CLANG_WARN_INT_CONVERSION = YES;
				CLANG_WARN_OBJC_ROOT_CLASS = YES_ERROR;
				CLANG_WARN_UNREACHABLE_CODE = YES;
				CLANG_WARN__DUPLICATE_METHOD_MATCH = YES;
				"CODE_SIGN_IDENTITY[sdk=iphoneos*]" = "iPhone Developer";
				COPY_PHASE_STRIP = NO;
				DEBUG_INFORMATION_FORMAT = dwarf;
				ENABLE_STRICT_OBJC_MSGSEND = YES;
				ENABLE_TESTABILITY = YES;
				GCC_C_LANGUAGE_STANDARD = gnu99;
				GCC_DYNAMIC_NO_PIC = NO;
				GCC_NO_COMMON_BLOCKS = YES;
				GCC_OPTIMIZATION_LEVEL = 0;
				GCC_PREPROCESSOR_DEFINITIONS = (
					"DEBUG=1",
					"$(inherited)",
				);
				GCC_WARN_64_TO_32_BIT_CONVERSION = YES;
				GCC_WARN_ABOUT_RETURN_TYPE = YES_ERROR;
				GCC_WARN_UNDECLARED_SELECTOR = YES;
				GCC_WARN_UNINITIALIZED_AUTOS = YES_AGGRESSIVE;
				GCC_WARN_UNUSED_FUNCTION = YES;
				GCC_WARN_UNUSED_VARIABLE = YES;
				IPHONEOS_DEPLOYMENT_TARGET = 9.3;
				MTL_ENABLE_DEBUG_INFO = YES;
				ONLY_ACTIVE_ARCH = YES;
				PROVISIONING_PROFILE = "";
				SDKROOT = iphoneos;
				SWIFT_OPTIMIZATION_LEVEL = "-Onone";
			};
			name = Debug;
		};
		A529390C1CF4D8BC00EF5D51 /* Release */ = {
			isa = XCBuildConfiguration;
			buildSettings = {
				ALWAYS_SEARCH_USER_PATHS = NO;
				CLANG_ANALYZER_NONNULL = YES;
				CLANG_CXX_LANGUAGE_STANDARD = "gnu++0x";
				CLANG_CXX_LIBRARY = "libc++";
				CLANG_ENABLE_MODULES = YES;
				CLANG_ENABLE_OBJC_ARC = YES;
				CLANG_WARN_BOOL_CONVERSION = YES;
				CLANG_WARN_CONSTANT_CONVERSION = YES;
				CLANG_WARN_DIRECT_OBJC_ISA_USAGE = YES_ERROR;
				CLANG_WARN_EMPTY_BODY = YES;
				CLANG_WARN_ENUM_CONVERSION = YES;
				CLANG_WARN_INT_CONVERSION = YES;
				CLANG_WARN_OBJC_ROOT_CLASS = YES_ERROR;
				CLANG_WARN_UNREACHABLE_CODE = YES;
				CLANG_WARN__DUPLICATE_METHOD_MATCH = YES;
				"CODE_SIGN_IDENTITY[sdk=iphoneos*]" = "";
				COPY_PHASE_STRIP = NO;
				DEBUG_INFORMATION_FORMAT = "dwarf-with-dsym";
				ENABLE_NS_ASSERTIONS = NO;
				ENABLE_STRICT_OBJC_MSGSEND = YES;
				GCC_C_LANGUAGE_STANDARD = gnu99;
				GCC_NO_COMMON_BLOCKS = YES;
				GCC_WARN_64_TO_32_BIT_CONVERSION = YES;
				GCC_WARN_ABOUT_RETURN_TYPE = YES_ERROR;
				GCC_WARN_UNDECLARED_SELECTOR = YES;
				GCC_WARN_UNINITIALIZED_AUTOS = YES_AGGRESSIVE;
				GCC_WARN_UNUSED_FUNCTION = YES;
				GCC_WARN_UNUSED_VARIABLE = YES;
				IPHONEOS_DEPLOYMENT_TARGET = 9.3;
				MTL_ENABLE_DEBUG_INFO = NO;
				PROVISIONING_PROFILE = "";
				SDKROOT = iphoneos;
				VALIDATE_PRODUCT = YES;
			};
			name = Release;
		};
		A529390E1CF4D8BC00EF5D51 /* Debug */ = {
			isa = XCBuildConfiguration;
			baseConfigurationReference = B43F20905B05FA1270C2F194 /* Pods.debug.xcconfig */;
			buildSettings = {
				ASSETCATALOG_COMPILER_APPICON_NAME = AppIcon;
				CODE_SIGN_IDENTITY = "";
				INFOPLIST_FILE = MapsFlickr/Info.plist;
				LD_RUNPATH_SEARCH_PATHS = "$(inherited) @executable_path/Frameworks";
				PRODUCT_BUNDLE_IDENTIFIER = br.com.codenetworks.MapsFlickr;
				PRODUCT_NAME = "$(TARGET_NAME)";
				PROVISIONING_PROFILE = "";
			};
			name = Debug;
		};
		A529390F1CF4D8BC00EF5D51 /* Release */ = {
			isa = XCBuildConfiguration;
			baseConfigurationReference = D9F8A16BCEF38D214EEE10BE /* Pods.release.xcconfig */;
			buildSettings = {
				ASSETCATALOG_COMPILER_APPICON_NAME = AppIcon;
				CODE_SIGN_IDENTITY = "";
				INFOPLIST_FILE = MapsFlickr/Info.plist;
				LD_RUNPATH_SEARCH_PATHS = "$(inherited) @executable_path/Frameworks";
				PRODUCT_BUNDLE_IDENTIFIER = br.com.codenetworks.MapsFlickr;
				PRODUCT_NAME = "$(TARGET_NAME)";
				PROVISIONING_PROFILE = "";
			};
			name = Release;
		};
		A52939111CF4D8BC00EF5D51 /* Debug */ = {
			isa = XCBuildConfiguration;
			buildSettings = {
				BUNDLE_LOADER = "$(TEST_HOST)";
				INFOPLIST_FILE = MapsFlickrTests/Info.plist;
				LD_RUNPATH_SEARCH_PATHS = "$(inherited) @executable_path/Frameworks @loader_path/Frameworks";
				PRODUCT_BUNDLE_IDENTIFIER = br.com.codenetworks.MapsFlickrTests;
				PRODUCT_NAME = "$(TARGET_NAME)";
				TEST_HOST = "$(BUILT_PRODUCTS_DIR)/MapsFlickr.app/MapsFlickr";
			};
			name = Debug;
		};
		A52939121CF4D8BC00EF5D51 /* Release */ = {
			isa = XCBuildConfiguration;
			buildSettings = {
				BUNDLE_LOADER = "$(TEST_HOST)";
				INFOPLIST_FILE = MapsFlickrTests/Info.plist;
				LD_RUNPATH_SEARCH_PATHS = "$(inherited) @executable_path/Frameworks @loader_path/Frameworks";
				PRODUCT_BUNDLE_IDENTIFIER = br.com.codenetworks.MapsFlickrTests;
				PRODUCT_NAME = "$(TARGET_NAME)";
				TEST_HOST = "$(BUILT_PRODUCTS_DIR)/MapsFlickr.app/MapsFlickr";
			};
			name = Release;
		};
/* End XCBuildConfiguration section */

/* Begin XCConfigurationList section */
		A52938EB1CF4D8BB00EF5D51 /* Build configuration list for PBXProject "MapsFlickr" */ = {
			isa = XCConfigurationList;
			buildConfigurations = (
				A529390B1CF4D8BC00EF5D51 /* Debug */,
				A529390C1CF4D8BC00EF5D51 /* Release */,
			);
			defaultConfigurationIsVisible = 0;
			defaultConfigurationName = Release;
		};
		A529390D1CF4D8BC00EF5D51 /* Build configuration list for PBXNativeTarget "MapsFlickr" */ = {
			isa = XCConfigurationList;
			buildConfigurations = (
				A529390E1CF4D8BC00EF5D51 /* Debug */,
				A529390F1CF4D8BC00EF5D51 /* Release */,
			);
			defaultConfigurationIsVisible = 0;
			defaultConfigurationName = Release;
		};
		A52939101CF4D8BC00EF5D51 /* Build configuration list for PBXNativeTarget "MapsFlickrTests" */ = {
			isa = XCConfigurationList;
			buildConfigurations = (
				A52939111CF4D8BC00EF5D51 /* Debug */,
				A52939121CF4D8BC00EF5D51 /* Release */,
			);
			defaultConfigurationIsVisible = 0;
			defaultConfigurationName = Release;
		};
/* End XCConfigurationList section */
	};
	rootObject = A52938E81CF4D8BB00EF5D51 /* Project object */;
}
